
Microsoft Visual Studio Solution File, Format Version 12.00
Project("{FAE04EC0-301F-11D3-BF4B-00C04F79EFBC}") = "TiersOfHeckCodes", "TiersOfHeckCodes\TiersOfHeckCodes.csproj", "{A59C0DB3-1BEF-4D4E-A159-3877F32D835C}"
EndProject
Global
	GlobalSection(SolutionConfigurationPlatforms) = preSolution
		Debug|Any CPU = Debug|Any CPU
		Release|Any CPU = Release|Any CPU
	EndGlobalSection
	GlobalSection(ProjectConfigurationPlatforms) = postSolution
		{A59C0DB3-1BEF-4D4E-A159-3877F32D835C}.Debug|Any CPU.ActiveCfg = Debug|Any CPU
		{A59C0DB3-1BEF-4D4E-A159-3877F32D835C}.Debug|Any CPU.Build.0 = Debug|Any CPU
		{A59C0DB3-1BEF-4D4E-A159-3877F32D835C}.Release|Any CPU.ActiveCfg = Release|Any CPU
		{A59C0DB3-1BEF-4D4E-A159-3877F32D835C}.Release|Any CPU.Build.0 = Release|Any CPU
	EndGlobalSection
EndGlobal
